
Microsoft Visual Studio Solution File, Format Version 12.00
# Visual Studio Version 17
VisualStudioVersion = 17.7.34031.279
MinimumVisualStudioVersion = 10.0.40219.1
Project("{FAE04EC0-301F-11D3-BF4B-00C04F79EFBC}") = "LetsChat.Web", "LetsChat.Web\LetsChat.Web.csproj", "{3240E99F-C9AE-4544-A587-C8E885DCBF32}"
EndProject
Global
	GlobalSection(SolutionConfigurationPlatforms) = preSolution
		Debug|Any CPU = Debug|Any CPU
		Release|Any CPU = Release|Any CPU
	EndGlobalSection
	GlobalSection(ProjectConfigurationPlatforms) = postSolution
		{3240E99F-C9AE-4544-A587-C8E885DCBF32}.Debug|Any CPU.ActiveCfg = Debug|Any CPU
		{3240E99F-C9AE-4544-A587-C8E885DCBF32}.Debug|Any CPU.Build.0 = Debug|Any CPU
		{3240E99F-C9AE-4544-A587-C8E885DCBF32}.Release|Any CPU.ActiveCfg = Release|Any CPU
		{3240E99F-C9AE-4544-A587-C8E885DCBF32}.Release|Any CPU.Build.0 = Release|Any CPU
	EndGlobalSection
	GlobalSection(SolutionProperties) = preSolution
		HideSolutionNode = FALSE
	EndGlobalSection
	GlobalSection(ExtensibilityGlobals) = postSolution
		SolutionGuid = {6DA4033A-D913-45D4-AB31-B4ED82C29CF2}
	EndGlobalSection
EndGlobal
